
Microsoft Visual Studio Solution File, Format Version 12.00
# Visual Studio Version 17
VisualStudioVersion = 17.6.33829.357
MinimumVisualStudioVersion = 10.0.40219.1
Project("{FAE04EC0-301F-11D3-BF4B-00C04F79EFBC}") = "BlueBank", "BlueBank\BlueBank.csproj", "{0261FF6E-9CC2-4216-836B-903624343405}"
EndProject
Global
	GlobalSection(SolutionConfigurationPlatforms) = preSolution
		Debug|Any CPU = Debug|Any CPU
		Release|Any CPU = Release|Any CPU
	EndGlobalSection
	GlobalSection(ProjectConfigurationPlatforms) = postSolution
		{0261FF6E-9CC2-4216-836B-903624343405}.Debug|Any CPU.ActiveCfg = Debug|Any CPU
		{0261FF6E-9CC2-4216-836B-903624343405}.Debug|Any CPU.Build.0 = Debug|Any CPU
		{0261FF6E-9CC2-4216-836B-903624343405}.Release|Any CPU.ActiveCfg = Release|Any CPU
		{0261FF6E-9CC2-4216-836B-903624343405}.Release|Any CPU.Build.0 = Release|Any CPU
	EndGlobalSection
	GlobalSection(SolutionProperties) = preSolution
		HideSolutionNode = FALSE
	EndGlobalSection
	GlobalSection(ExtensibilityGlobals) = postSolution
		SolutionGuid = {F70D115B-C02B-419A-976E-E8F776B9567B}
	EndGlobalSection
EndGlobal
